
Microsoft Visual Studio Solution File, Format Version 12.00
# Visual Studio Version 16
VisualStudioVersion = 16.0.30503.244
MinimumVisualStudioVersion = 10.0.40219.1
Project("{FAE04EC0-301F-11D3-BF4B-00C04F79EFBC}") = "VRTweaks", "VRTweaks\VRTweaks.csproj", "{20B2EED6-2937-4FE5-BFF5-D7880F781826}"
EndProject
Project("{FAE04EC0-301F-11D3-BF4B-00C04F79EFBC}") = "UWEXRActivation", "UWEXRActivation\UWEXRActivation.csproj", "{F14C04E3-1767-48D1-B2EB-7FE475CE090F}"
EndProject
Global
	GlobalSection(SolutionConfigurationPlatforms) = preSolution
		Debug|Any CPU = Debug|Any CPU
		Release|Any CPU = Release|Any CPU
	EndGlobalSection
	GlobalSection(ProjectConfigurationPlatforms) = postSolution
		{20B2EED6-2937-4FE5-BFF5-D7880F781826}.Debug|Any CPU.ActiveCfg = Debug|Any CPU
		{20B2EED6-2937-4FE5-BFF5-D7880F781826}.Debug|Any CPU.Build.0 = Debug|Any CPU
		{20B2EED6-2937-4FE5-BFF5-D7880F781826}.Release|Any CPU.ActiveCfg = Release|Any CPU
		{20B2EED6-2937-4FE5-BFF5-D7880F781826}.Release|Any CPU.Build.0 = Release|Any CPU
		{F14C04E3-1767-48D1-B2EB-7FE475CE090F}.Debug|Any CPU.ActiveCfg = Debug|Any CPU
		{F14C04E3-1767-48D1-B2EB-7FE475CE090F}.Debug|Any CPU.Build.0 = Debug|Any CPU
		{F14C04E3-1767-48D1-B2EB-7FE475CE090F}.Release|Any CPU.ActiveCfg = Release|Any CPU
		{F14C04E3-1767-48D1-B2EB-7FE475CE090F}.Release|Any CPU.Build.0 = Release|Any CPU
	EndGlobalSection
	GlobalSection(SolutionProperties) = preSolution
		HideSolutionNode = FALSE
	EndGlobalSection
	GlobalSection(ExtensibilityGlobals) = postSolution
		SolutionGuid = {E53DC433-276A-4951-98A3-49A1A5391DCC}
	EndGlobalSection
EndGlobal
